
Microsoft Visual Studio Solution File, Format Version 12.00
# Visual Studio Version 16
VisualStudioVersion = 16.0.29326.143
MinimumVisualStudioVersion = 10.0.40219.1
Project("{FAE04EC0-301F-11D3-BF4B-00C04F79EFBC}") = "OOP Exercise- UML", "OOP Exercise- UML\OOP Exercise- UML.csproj", "{F3EDA7EA-8846-459A-A05D-27394157DA22}"
EndProject
Project("{FAE04EC0-301F-11D3-BF4B-00C04F79EFBC}") = "Test", "Test\Test.csproj", "{85A2FD27-E3F1-4AB1-BB19-32FF273418AC}"
EndProject
Global
	GlobalSection(SolutionConfigurationPlatforms) = preSolution
		Debug|Any CPU = Debug|Any CPU
		Release|Any CPU = Release|Any CPU
	EndGlobalSection
	GlobalSection(ProjectConfigurationPlatforms) = postSolution
		{F3EDA7EA-8846-459A-A05D-27394157DA22}.Debug|Any CPU.ActiveCfg = Debug|Any CPU
		{F3EDA7EA-8846-459A-A05D-27394157DA22}.Debug|Any CPU.Build.0 = Debug|Any CPU
		{F3EDA7EA-8846-459A-A05D-27394157DA22}.Release|Any CPU.ActiveCfg = Release|Any CPU
		{F3EDA7EA-8846-459A-A05D-27394157DA22}.Release|Any CPU.Build.0 = Release|Any CPU
		{85A2FD27-E3F1-4AB1-BB19-32FF273418AC}.Debug|Any CPU.ActiveCfg = Debug|Any CPU
		{85A2FD27-E3F1-4AB1-BB19-32FF273418AC}.Debug|Any CPU.Build.0 = Debug|Any CPU
		{85A2FD27-E3F1-4AB1-BB19-32FF273418AC}.Release|Any CPU.ActiveCfg = Release|Any CPU
		{85A2FD27-E3F1-4AB1-BB19-32FF273418AC}.Release|Any CPU.Build.0 = Release|Any CPU
	EndGlobalSection
	GlobalSection(SolutionProperties) = preSolution
		HideSolutionNode = FALSE
	EndGlobalSection
	GlobalSection(ExtensibilityGlobals) = postSolution
		SolutionGuid = {1B4F65F6-2A80-4706-A409-C62C7AD57EA8}
	EndGlobalSection
EndGlobal
